<?xml version="1.0" encoding="utf-8"?>
<Project ToolsVersion="4.0" xmlns="http://schemas.microsoft.com/developer/msbuild/2003">
  <ItemGroup>
    <Filter Include="Source Files">
      <UniqueIdentifier>{4FC737F1-C7A5-4376-A066-2A32D752A2FF}</UniqueIdentifier>
      <Extensions>cpp;c;cc;cxx;c++;cppm;ixx;def;odl;idl;hpj;bat;asm;asmx</Extensions>
    </Filter>
    <Filter Include="Header Files">
      <UniqueIdentifier>{93995380-89BD-4b04-88EB-625FBE52EBFB}</UniqueIdentifier>
      <Extensions>h;hh;hpp;hxx;h++;hm;inl;inc;ipp;xsd</Extensions>
    </Filter>
    <Filter Include="Resource Files">
      <UniqueIdentifier>{67DA6AB6-F800-4c08-8B7A-83BB121AAD01}</UniqueIdentifier>
      <Extensions>rc;ico;cur;bmp;dlg;rc2;rct;bin;rgs;gif;jpg;jpeg;jpe;resx;tiff;tif;png;wav;mfcribbon-ms</Extensions>
    </Filter>
    <Filter Include="Header Files\kernel">
      <UniqueIdentifier>{c5529b99-8476-4448-ae50-8cc58615ffbe}</UniqueIdentifier>
    </Filter>
    <Filter Include="Source Files\kernel">
      <UniqueIdentifier>{28c04c65-2e64-4b72-ae46-c4f1eaf05066}</UniqueIdentifier>
    </Filter>
    <Filter Include="Source Files\boot">
      <UniqueIdentifier>{7d7dbedc-929c-45fe-9e09-f529737494d2}</UniqueIdentifier>
    </Filter>
  </ItemGroup>
  <ItemGroup>
    <None Include="boot\boot.asm">
      <Filter>Source Files\boot</Filter>
    </None>
    <None Include="boot\linker.ld">
      <Filter>Source Files\boot</Filter>
    </None>
  </ItemGroup>
  <ItemGroup>
    <ClCompile Include="kernel\kernel.c">
      <Filter>Source Files\kernel</Filter>
    </ClCompile>
    <ClCompile Include="kernel\print.c">
      <Filter>Source Files\kernel</Filter>
    </ClCompile>
    <ClCompile Include="kernel\init.c">
      <Filter>Source Files\kernel</Filter>
    </ClCompile>
  </ItemGroup>
  <ItemGroup>
    <ClInclude Include="kernel\print.h">
      <Filter>Header Files\kernel</Filter>
    </ClInclude>
    <ClInclude Include="kernel\hlos.h">
      <Filter>Header Files\kernel</Filter>
    </ClInclude>
    <ClInclude Include="kernel\extern.h">
      <Filter>Header Files\kernel</Filter>
    </ClInclude>
    <ClInclude Include="kernel\init.h">
      <Filter>Header Files\kernel</Filter>
    </ClInclude>
  </ItemGroup>
</Project>